{
  "name": "rapid-downloader-cli",
  "version": "1.0.1",
  "lockfileVersion": 1,
  "requires": true,
  "dependencies": {
    "functional.js": {
      "version": "0.8.0",
      "resolved": "https://registry.npmjs.org/functional.js/-/functional.js-0.8.0.tgz",
      "integrity": "sha1-v6paTtETcAhWDkoVgKGQir/pIV8="
    },
    "minimist": {
      "version": "1.2.5",
      "resolved": "https://registry.npmjs.org/minimist/-/minimist-1.2.5.tgz",
      "integrity": "sha512-FM9nNUYrRBAELZQT3xeZQ7fmMOBg6nWNmJKTcgsJeaLstP/UODVpGsr5OhXhhXg6f+qtJ8uiZ+PUxkDWcgIXLw=="
    },
    "progress": {
      "version": "2.0.3",
      "resolved": "https://registry.npmjs.org/progress/-/progress-2.0.3.tgz",
      "integrity": "sha512-7PiHtLll5LdnKIMw100I+8xJXR5gW2QwWYkT6iJva0bXitZKa/XMrSbdmg3r2Xnaidz9Qumd0VPaMrZlF9V9sA=="
    },
    "rapid-downloader": {
      "version": "1.2.6",
      "resolved": "https://registry.npmjs.org/rapid-downloader/-/rapid-downloader-1.2.6.tgz",
      "integrity": "sha512-haMzLGmoD7PoW5zdO4LV5Vbz531N+4XVWfaAQE+OPxudJWIoUaKwf1dlllsu/TZx52km8Ll9wTVUdhtJaYYy5A==",
      "requires": {
        "functional.js": "^0.8.0"
      }
    }
  }
}
